{
  "name": "@d3/arc-diagram",
  "version": "277.0.0",
  "lockfileVersion": 1,
  "requires": true,
  "dependencies": {
    "d3-radial": {
      "version": "0.0.2",
      "resolved": "https://registry.npmjs.org/d3-radial/-/d3-radial-0.0.2.tgz",
      "integrity": "sha1-jH8sSg7RKHNDYj3RiqSIbO9P0Ik="
    }
  }
}
